
Microsoft Visual Studio Solution File, Format Version 12.00
# Visual Studio Version 17
VisualStudioVersion = 17.7.34024.191
MinimumVisualStudioVersion = 10.0.40219.1
Project("{FAE04EC0-301F-11D3-BF4B-00C04F79EFBC}") = "Lab1", "Lab1\Lab1.csproj", "{AE7DA167-7C7F-4322-A70E-29DE6DF0343D}"
EndProject
Global
	GlobalSection(SolutionConfigurationPlatforms) = preSolution
		Debug|Any CPU = Debug|Any CPU
		Release|Any CPU = Release|Any CPU
	EndGlobalSection
	GlobalSection(ProjectConfigurationPlatforms) = postSolution
		{AE7DA167-7C7F-4322-A70E-29DE6DF0343D}.Debug|Any CPU.ActiveCfg = Debug|Any CPU
		{AE7DA167-7C7F-4322-A70E-29DE6DF0343D}.Debug|Any CPU.Build.0 = Debug|Any CPU
		{AE7DA167-7C7F-4322-A70E-29DE6DF0343D}.Release|Any CPU.ActiveCfg = Release|Any CPU
		{AE7DA167-7C7F-4322-A70E-29DE6DF0343D}.Release|Any CPU.Build.0 = Release|Any CPU
	EndGlobalSection
	GlobalSection(SolutionProperties) = preSolution
		HideSolutionNode = FALSE
	EndGlobalSection
	GlobalSection(ExtensibilityGlobals) = postSolution
		SolutionGuid = {2F1D6914-50FB-4371-A672-210A10E59378}
	EndGlobalSection
EndGlobal
